
Microsoft Visual Studio Solution File, Format Version 12.00
# Visual Studio Version 17
VisualStudioVersion = 17.9.34728.123
MinimumVisualStudioVersion = 10.0.40219.1
Project("{FAE04EC0-301F-11D3-BF4B-00C04F79EFBC}") = "RepasoParaElParcial", "RepasoParaElParcial\RepasoParaElParcial.csproj", "{B5829E43-0844-4E6A-B301-FFEDFE2FB413}"
EndProject
Global
	GlobalSection(SolutionConfigurationPlatforms) = preSolution
		Debug|Any CPU = Debug|Any CPU
		Release|Any CPU = Release|Any CPU
	EndGlobalSection
	GlobalSection(ProjectConfigurationPlatforms) = postSolution
		{B5829E43-0844-4E6A-B301-FFEDFE2FB413}.Debug|Any CPU.ActiveCfg = Debug|Any CPU
		{B5829E43-0844-4E6A-B301-FFEDFE2FB413}.Debug|Any CPU.Build.0 = Debug|Any CPU
		{B5829E43-0844-4E6A-B301-FFEDFE2FB413}.Release|Any CPU.ActiveCfg = Release|Any CPU
		{B5829E43-0844-4E6A-B301-FFEDFE2FB413}.Release|Any CPU.Build.0 = Release|Any CPU
	EndGlobalSection
	GlobalSection(SolutionProperties) = preSolution
		HideSolutionNode = FALSE
	EndGlobalSection
	GlobalSection(ExtensibilityGlobals) = postSolution
		SolutionGuid = {64C65875-37A2-466F-ADB9-25E00EE2EE48}
	EndGlobalSection
EndGlobal
